
Microsoft Visual Studio Solution File, Format Version 12.00
# Visual Studio Version 16
VisualStudioVersion = 16.0.30104.148
MinimumVisualStudioVersion = 10.0.40219.1
Project("{FAE04EC0-301F-11D3-BF4B-00C04F79EFBC}") = "CA_Imagens.Android", "CA_Imagens\CA_Imagens.Android\CA_Imagens.Android.csproj", "{B8429389-B7D7-48C9-BFAC-F49DD5EA1308}"
EndProject
Project("{FAE04EC0-301F-11D3-BF4B-00C04F79EFBC}") = "CA_Imagens", "CA_Imagens\CA_Imagens\CA_Imagens.csproj", "{88E2E397-B56B-4D27-B92C-7E4EE243CE67}"
EndProject
Global
	GlobalSection(SolutionConfigurationPlatforms) = preSolution
		Debug|Any CPU = Debug|Any CPU
		Release|Any CPU = Release|Any CPU
	EndGlobalSection
	GlobalSection(ProjectConfigurationPlatforms) = postSolution
		{B8429389-B7D7-48C9-BFAC-F49DD5EA1308}.Debug|Any CPU.ActiveCfg = Debug|Any CPU
		{B8429389-B7D7-48C9-BFAC-F49DD5EA1308}.Debug|Any CPU.Build.0 = Debug|Any CPU
		{B8429389-B7D7-48C9-BFAC-F49DD5EA1308}.Debug|Any CPU.Deploy.0 = Debug|Any CPU
		{B8429389-B7D7-48C9-BFAC-F49DD5EA1308}.Release|Any CPU.ActiveCfg = Release|Any CPU
		{B8429389-B7D7-48C9-BFAC-F49DD5EA1308}.Release|Any CPU.Build.0 = Release|Any CPU
		{B8429389-B7D7-48C9-BFAC-F49DD5EA1308}.Release|Any CPU.Deploy.0 = Release|Any CPU
		{88E2E397-B56B-4D27-B92C-7E4EE243CE67}.Debug|Any CPU.ActiveCfg = Debug|Any CPU
		{88E2E397-B56B-4D27-B92C-7E4EE243CE67}.Debug|Any CPU.Build.0 = Debug|Any CPU
		{88E2E397-B56B-4D27-B92C-7E4EE243CE67}.Debug|Any CPU.Deploy.0 = Debug|Any CPU
		{88E2E397-B56B-4D27-B92C-7E4EE243CE67}.Release|Any CPU.ActiveCfg = Release|Any CPU
		{88E2E397-B56B-4D27-B92C-7E4EE243CE67}.Release|Any CPU.Build.0 = Release|Any CPU
		{88E2E397-B56B-4D27-B92C-7E4EE243CE67}.Release|Any CPU.Deploy.0 = Release|Any CPU
	EndGlobalSection
	GlobalSection(SolutionProperties) = preSolution
		HideSolutionNode = FALSE
	EndGlobalSection
	GlobalSection(ExtensibilityGlobals) = postSolution
		SolutionGuid = {8C5C8C48-0084-4B54-B226-7E68C67B3F67}
	EndGlobalSection
EndGlobal
